
Microsoft Visual Studio Solution File, Format Version 12.00
# Visual Studio Version 17
VisualStudioVersion = 17.6.33815.320
MinimumVisualStudioVersion = 10.0.40219.1
Project("{FAE04EC0-301F-11D3-BF4B-00C04F79EFBC}") = "Crud_sequenziale22F", "Crud_sequenziale22F\Crud_sequenziale22F.csproj", "{47B2A9A2-65EB-455E-8497-AD9347AA30B0}"
EndProject
Global
	GlobalSection(SolutionConfigurationPlatforms) = preSolution
		Debug|Any CPU = Debug|Any CPU
		Release|Any CPU = Release|Any CPU
	EndGlobalSection
	GlobalSection(ProjectConfigurationPlatforms) = postSolution
		{47B2A9A2-65EB-455E-8497-AD9347AA30B0}.Debug|Any CPU.ActiveCfg = Debug|Any CPU
		{47B2A9A2-65EB-455E-8497-AD9347AA30B0}.Debug|Any CPU.Build.0 = Debug|Any CPU
		{47B2A9A2-65EB-455E-8497-AD9347AA30B0}.Release|Any CPU.ActiveCfg = Release|Any CPU
		{47B2A9A2-65EB-455E-8497-AD9347AA30B0}.Release|Any CPU.Build.0 = Release|Any CPU
	EndGlobalSection
	GlobalSection(SolutionProperties) = preSolution
		HideSolutionNode = FALSE
	EndGlobalSection
	GlobalSection(ExtensibilityGlobals) = postSolution
		SolutionGuid = {B1DFBB29-0D88-4E56-B5A5-EC3F4868095D}
	EndGlobalSection
EndGlobal
